
Microsoft Visual Studio Solution File, Format Version 12.00
# Visual Studio Version 17
VisualStudioVersion = 17.10.35122.118
MinimumVisualStudioVersion = 10.0.40219.1
Project("{54A90642-561A-4BB1-A94E-469ADEE60C69}") = "spoiledunknown.github.io", "spoiledunknown.github.io.esproj", "{4C62A3B5-9BA4-4375-86FB-E60441B31018}"
EndProject
Global
	GlobalSection(SolutionConfigurationPlatforms) = preSolution
		Debug|Any CPU = Debug|Any CPU
		Release|Any CPU = Release|Any CPU
	EndGlobalSection
	GlobalSection(ProjectConfigurationPlatforms) = postSolution
		{4C62A3B5-9BA4-4375-86FB-E60441B31018}.Debug|Any CPU.ActiveCfg = Debug|Any CPU
		{4C62A3B5-9BA4-4375-86FB-E60441B31018}.Debug|Any CPU.Build.0 = Debug|Any CPU
		{4C62A3B5-9BA4-4375-86FB-E60441B31018}.Debug|Any CPU.Deploy.0 = Debug|Any CPU
		{4C62A3B5-9BA4-4375-86FB-E60441B31018}.Release|Any CPU.ActiveCfg = Release|Any CPU
		{4C62A3B5-9BA4-4375-86FB-E60441B31018}.Release|Any CPU.Build.0 = Release|Any CPU
		{4C62A3B5-9BA4-4375-86FB-E60441B31018}.Release|Any CPU.Deploy.0 = Release|Any CPU
	EndGlobalSection
	GlobalSection(SolutionProperties) = preSolution
		HideSolutionNode = FALSE
	EndGlobalSection
	GlobalSection(ExtensibilityGlobals) = postSolution
		SolutionGuid = {F1D9ABD7-201B-40CE-ACD0-40FF75A3951C}
	EndGlobalSection
EndGlobal
